// !$*UTF8*$!
{
	archiveVersion = 1;
	classes = {
	};
	objectVersion = 50;
	objects = {

/* Begin PBXBuildFile section */
		2EEF2AAD26B783E800636452 /* AppDelegate.swift in Sources */ = {isa = PBXBuildFile; fileRef = 2EEF2AAC26B783E800636452 /* AppDelegate.swift */; };
		2EEF2AAF26B783E800636452 /* SceneDelegate.swift in Sources */ = {isa = PBXBuildFile; fileRef = 2EEF2AAE26B783E800636452 /* SceneDelegate.swift */; };
		2EEF2AB126B783E800636452 /* ViewController.swift in Sources */ = {isa = PBXBuildFile; fileRef = 2EEF2AB026B783E800636452 /* ViewController.swift */; };
		2EEF2AB426B783E800636452 /* Main.storyboard in Resources */ = {isa = PBXBuildFile; fileRef = 2EEF2AB226B783E800636452 /* Main.storyboard */; };
		2EEF2AB626B783EA00636452 /* Assets.xcassets in Resources */ = {isa = PBXBuildFile; fileRef = 2EEF2AB526B783EA00636452 /* Assets.xcassets */; };
		2EEF2AB926B783EA00636452 /* LaunchScreen.storyboard in Resources */ = {isa = PBXBuildFile; fileRef = 2EEF2AB726B783EA00636452 /* LaunchScreen.storyboard */; };
		2EEF2AC426B783EA00636452 /* TipCalculatorTests.swift in Sources */ = {isa = PBXBuildFile; fileRef = 2EEF2AC326B783EA00636452 /* TipCalculatorTests.swift */; };
		2EEF2ACF26B783EA00636452 /* TipCalculatorTests.swift in Sources */ = {isa = PBXBuildFile; fileRef = 2EEF2ACE26B783EA00636452 /* TipCalculatorTests.swift */; };
/* End PBXBuildFile section */

/* Begin PBXContainerItemProxy section */
		2EEF2AC026B783EA00636452 /* PBXContainerItemProxy */ = {
			isa = PBXContainerItemProxy;
			containerPortal = 2EEF2AA126B783E700636452 /* Project object */;
			proxyType = 1;
			remoteGlobalIDString = 2EEF2AA826B783E700636452;
			remoteInfo = Prework;
		};
		2EEF2ACB26B783EA00636452 /* PBXContainerItemProxy */ = {
			isa = PBXContainerItemProxy;
			containerPortal = 2EEF2AA126B783E700636452 /* Project object */;
			proxyType = 1;
			remoteGlobalIDString = 2EEF2AA826B783E700636452;
			remoteInfo = Prework;
		};
/* End PBXContainerItemProxy section */

/* Begin PBXFileReference section */
		2EEF2AA926B783E800636452 /* Tip Calculator.app */ = {isa = PBXFileReference; explicitFileType = wrapper.application; includeInIndex = 0; path = "Tip Calculator.app"; sourceTree = BUILT_PRODUCTS_DIR; };
		2EEF2AAC26B783E800636452 /* AppDelegate.swift */ = {isa = PBXFileReference; lastKnownFileType = sourcecode.swift; path = AppDelegate.swift; sourceTree = "<group>"; };
		2EEF2AAE26B783E800636452 /* SceneDelegate.swift */ = {isa = PBXFileReference; lastKnownFileType = sourcecode.swift; path = SceneDelegate.swift; sourceTree = "<group>"; };
		2EEF2AB026B783E800636452 /* ViewController.swift */ = {isa = PBXFileReference; lastKnownFileType = sourcecode.swift; path = ViewController.swift; sourceTree = "<group>"; };
		2EEF2AB326B783E800636452 /* Base */ = {isa = PBXFileReference; lastKnownFileType = file.storyboard; name = Base; path = Base.lproj/Main.storyboard; sourceTree = "<group>"; };
		2EEF2AB526B783EA00636452 /* Assets.xcassets */ = {isa = PBXFileReference; lastKnownFileType = folder.assetcatalog; path = Assets.xcassets; sourceTree = "<group>"; };
		2EEF2AB826B783EA00636452 /* Base */ = {isa = PBXFileReference; lastKnownFileType = file.storyboard; name = Base; path = Base.lproj/LaunchScreen.storyboard; sourceTree = "<group>"; };
		2EEF2ABA26B783EA00636452 /* Info.plist */ = {isa = PBXFileReference; lastKnownFileType = text.plist.xml; path = Info.plist; sourceTree = "<group>"; };
		2EEF2ABF26B783EA00636452 /* Tip CalculatorTests.xctest */ = {isa = PBXFileReference; explicitFileType = wrapper.cfbundle; includeInIndex = 0; path = "Tip CalculatorTests.xctest"; sourceTree = BUILT_PRODUCTS_DIR; };
		2EEF2AC326B783EA00636452 /* TipCalculatorTests.swift */ = {isa = PBXFileReference; lastKnownFileType = sourcecode.swift; path = TipCalculatorTests.swift; sourceTree = "<group>"; };
		2EEF2AC526B783EA00636452 /* Info.plist */ = {isa = PBXFileReference; lastKnownFileType = text.plist.xml; path = Info.plist; sourceTree = "<group>"; };
		2EEF2ACA26B783EA00636452 /* Tip CalculatorUITests.xctest */ = {isa = PBXFileReference; explicitFileType = wrapper.cfbundle; includeInIndex = 0; path = "Tip CalculatorUITests.xctest"; sourceTree = BUILT_PRODUCTS_DIR; };
		2EEF2ACE26B783EA00636452 /* TipCalculatorTests.swift */ = {isa = PBXFileReference; lastKnownFileType = sourcecode.swift; path = TipCalculatorTests.swift; sourceTree = "<group>"; };
		2EEF2AD026B783EA00636452 /* Info.plist */ = {isa = PBXFileReference; lastKnownFileType = text.plist.xml; path = Info.plist; sourceTree = "<group>"; };
/* End PBXFileReference section */

/* Begin PBXFrameworksBuildPhase section */
		2EEF2AA626B783E700636452 /* Frameworks */ = {
			isa = PBXFrameworksBuildPhase;
			buildActionMask = 2147483647;
			files = (
			);
			runOnlyForDeploymentPostprocessing = 0;
		};
		2EEF2ABC26B783EA00636452 /* Frameworks */ = {
			isa = PBXFrameworksBuildPhase;
			buildActionMask = 2147483647;
			files = (
			);
			runOnlyForDeploymentPostprocessing = 0;
		};
		2EEF2AC726B783EA00636452 /* Frameworks */ = {
			isa = PBXFrameworksBuildPhase;
			buildActionMask = 2147483647;
			files = (
			);
			runOnlyForDeploymentPostprocessing = 0;
		};
/* End PBXFrameworksBuildPhase section */

/* Begin PBXGroup section */
		2EEF2AA026B783E700636452 = {
			isa = PBXGroup;
			children = (
				2EEF2AAB26B783E800636452 /* Tip Calculator */,
				2EEF2AC226B783EA00636452 /* TipCalculatorTests */,
				2EEF2ACD26B783EA00636452 /* TipCalculatorUITests */,
				2EEF2AAA26B783E800636452 /* Products */,
			);
			sourceTree = "<group>";
		};
		2EEF2AAA26B783E800636452 /* Products */ = {
			isa = PBXGroup;
			children = (
				2EEF2AA926B783E800636452 /* Tip Calculator.app */,
				2EEF2ABF26B783EA00636452 /* Tip CalculatorTests.xctest */,
				2EEF2ACA26B783EA00636452 /* Tip CalculatorUITests.xctest */,
			);
			name = Products;
			sourceTree = "<group>";
		};
		2EEF2AAB26B783E800636452 /* Tip Calculator */ = {
			isa = PBXGroup;
			children = (
				2EEF2AAC26B783E800636452 /* AppDelegate.swift */,
				2EEF2AAE26B783E800636452 /* SceneDelegate.swift */,
				2EEF2AB026B783E800636452 /* ViewController.swift */,
				2EEF2AB226B783E800636452 /* Main.storyboard */,
				2EEF2AB526B783EA00636452 /* Assets.xcassets */,
				2EEF2AB726B783EA00636452 /* LaunchScreen.storyboard */,
				2EEF2ABA26B783EA00636452 /* Info.plist */,
			);
			path = "Tip Calculator";
			sourceTree = "<group>";
		};
		2EEF2AC226B783EA00636452 /* TipCalculatorTests */ = {
			isa = PBXGroup;
			children = (
				2EEF2AC326B783EA00636452 /* TipCalculatorTests.swift */,
				2EEF2AC526B783EA00636452 /* Info.plist */,
			);
			path = TipCalculatorTests;
			sourceTree = "<group>";
		};
		2EEF2ACD26B783EA00636452 /* TipCalculatorUITests */ = {
			isa = PBXGroup;
			children = (
				2EEF2ACE26B783EA00636452 /* TipCalculatorTests.swift */,
				2EEF2AD026B783EA00636452 /* Info.plist */,
			);
			path = TipCalculatorUITests;
			sourceTree = "<group>";
		};
/* End PBXGroup section */

/* Begin PBXNativeTarget section */
		2EEF2AA826B783E700636452 /* Tip Calculator */ = {
			isa = PBXNativeTarget;
			buildConfigurationList = 2EEF2AD326B783EA00636452 /* Build configuration list for PBXNativeTarget "Tip Calculator" */;
			buildPhases = (
				2EEF2AA526B783E700636452 /* Sources */,
				2EEF2AA626B783E700636452 /* Frameworks */,
				2EEF2AA726B783E700636452 /* Resources */,
			);
			buildRules = (
			);
			dependencies = (
			);
			name = "Tip Calculator";
			productName = Prework;
			productReference = 2EEF2AA926B783E800636452 /* Tip Calculator.app */;
			productType = "com.apple.product-type.application";
		};
		2EEF2ABE26B783EA00636452 /* Tip CalculatorTests */ = {
			isa = PBXNativeTarget;
			buildConfigurationList = 2EEF2AD626B783EA00636452 /* Build configuration list for PBXNativeTarget "Tip CalculatorTests" */;
			buildPhases = (
				2EEF2ABB26B783EA00636452 /* Sources */,
				2EEF2ABC26B783EA00636452 /* Frameworks */,
				2EEF2ABD26B783EA00636452 /* Resources */,
			);
			buildRules = (
			);
			dependencies = (
				2EEF2AC126B783EA00636452 /* PBXTargetDependency */,
			);
			name = "Tip CalculatorTests";
			productName = PreworkTests;
			productReference = 2EEF2ABF26B783EA00636452 /* Tip CalculatorTests.xctest */;
			productType = "com.apple.product-type.bundle.unit-test";
		};
		2EEF2AC926B783EA00636452 /* Tip CalculatorUITests */ = {
			isa = PBXNativeTarget;
			buildConfigurationList = 2EEF2AD926B783EA00636452 /* Build configuration list for PBXNativeTarget "Tip CalculatorUITests" */;
			buildPhases = (
				2EEF2AC626B783EA00636452 /* Sources */,
				2EEF2AC726B783EA00636452 /* Frameworks */,
				2EEF2AC826B783EA00636452 /* Resources */,
			);
			buildRules = (
			);
			dependencies = (
				2EEF2ACC26B783EA00636452 /* PBXTargetDependency */,
			);
			name = "Tip CalculatorUITests";
			productName = PreworkUITests;
			productReference = 2EEF2ACA26B783EA00636452 /* Tip CalculatorUITests.xctest */;
			productType = "com.apple.product-type.bundle.ui-testing";
		};
/* End PBXNativeTarget section */

/* Begin PBXProject section */
		2EEF2AA126B783E700636452 /* Project object */ = {
			isa = PBXProject;
			attributes = {
				LastSwiftUpdateCheck = 1250;
				LastUpgradeCheck = 1250;
				TargetAttributes = {
					2EEF2AA826B783E700636452 = {
						CreatedOnToolsVersion = 12.5.1;
					};
					2EEF2ABE26B783EA00636452 = {
						CreatedOnToolsVersion = 12.5.1;
						TestTargetID = 2EEF2AA826B783E700636452;
					};
					2EEF2AC926B783EA00636452 = {
						CreatedOnToolsVersion = 12.5.1;
						TestTargetID = 2EEF2AA826B783E700636452;
					};
				};
			};
			buildConfigurationList = 2EEF2AA426B783E700636452 /* Build configuration list for PBXProject "Tip Calculator" */;
			compatibilityVersion = "Xcode 9.3";
			developmentRegion = en;
			hasScannedForEncodings = 0;
			knownRegions = (
				en,
				Base,
			);
			mainGroup = 2EEF2AA026B783E700636452;
			productRefGroup = 2EEF2AAA26B783E800636452 /* Products */;
			projectDirPath = "";
			projectRoot = "";
			targets = (
				2EEF2AA826B783E700636452 /* Tip Calculator */,
				2EEF2ABE26B783EA00636452 /* Tip CalculatorTests */,
				2EEF2AC926B783EA00636452 /* Tip CalculatorUITests */,
			);
		};
/* End PBXProject section */

/* Begin PBXResourcesBuildPhase section */
		2EEF2AA726B783E700636452 /* Resources */ = {
			isa = PBXResourcesBuildPhase;
			buildActionMask = 2147483647;
			files = (
				2EEF2AB926B783EA00636452 /* LaunchScreen.storyboard in Resources */,
				2EEF2AB626B783EA00636452 /* Assets.xcassets in Resources */,
				2EEF2AB426B783E800636452 /* Main.storyboard in Resources */,
			);
			runOnlyForDeploymentPostprocessing = 0;
		};
		2EEF2ABD26B783EA00636452 /* Resources */ = {
			isa = PBXResourcesBuildPhase;
			buildActionMask = 2147483647;
			files = (
			);
			runOnlyForDeploymentPostprocessing = 0;
		};
		2EEF2AC826B783EA00636452 /* Resources */ = {
			isa = PBXResourcesBuildPhase;
			buildActionMask = 2147483647;
			files = (
			);
			runOnlyForDeploymentPostprocessing = 0;
		};
/* End PBXResourcesBuildPhase section */

/* Begin PBXSourcesBuildPhase section */
		2EEF2AA526B783E700636452 /* Sources */ = {
			isa = PBXSourcesBuildPhase;
			buildActionMask = 2147483647;
			files = (
				2EEF2AB126B783E800636452 /* ViewController.swift in Sources */,
				2EEF2AAD26B783E800636452 /* AppDelegate.swift in Sources */,
				2EEF2AAF26B783E800636452 /* SceneDelegate.swift in Sources */,
			);
			runOnlyForDeploymentPostprocessing = 0;
		};
		2EEF2ABB26B783EA00636452 /* Sources */ = {
			isa = PBXSourcesBuildPhase;
			buildActionMask = 2147483647;
			files = (
				2EEF2AC426B783EA00636452 /* TipCalculatorTests.swift in Sources */,
			);
			runOnlyForDeploymentPostprocessing = 0;
		};
		2EEF2AC626B783EA00636452 /* Sources */ = {
			isa = PBXSourcesBuildPhase;
			buildActionMask = 2147483647;
			files = (
				2EEF2ACF26B783EA00636452 /* TipCalculatorTests.swift in Sources */,
			);
			runOnlyForDeploymentPostprocessing = 0;
		};
/* End PBXSourcesBuildPhase section */

/* Begin PBXTargetDependency section */
		2EEF2AC126B783EA00636452 /* PBXTargetDependency */ = {
			isa = PBXTargetDependency;
			target = 2EEF2AA826B783E700636452 /* Tip Calculator */;
			targetProxy = 2EEF2AC026B783EA00636452 /* PBXContainerItemProxy */;
		};
		2EEF2ACC26B783EA00636452 /* PBXTargetDependency */ = {
			isa = PBXTargetDependency;
			target = 2EEF2AA826B783E700636452 /* Tip Calculator */;
			targetProxy = 2EEF2ACB26B783EA00636452 /* PBXContainerItemProxy */;
		};
/* End PBXTargetDependency section */

/* Begin PBXVariantGroup section */
		2EEF2AB226B783E800636452 /* Main.storyboard */ = {
			isa = PBXVariantGroup;
			children = (
				2EEF2AB326B783E800636452 /* Base */,
			);
			name = Main.storyboard;
			sourceTree = "<group>";
		};
		2EEF2AB726B783EA00636452 /* LaunchScreen.storyboard */ = {
			isa = PBXVariantGroup;
			children = (
				2EEF2AB826B783EA00636452 /* Base */,
			);
			name = LaunchScreen.storyboard;
			sourceTree = "<group>";
		};
/* End PBXVariantGroup section */

/* Begin XCBuildConfiguration section */
		2EEF2AD126B783EA00636452 /* Debug */ = {
			isa = XCBuildConfiguration;
			buildSettings = {
				ALWAYS_SEARCH_USER_PATHS = NO;
				CLANG_ANALYZER_NONNULL = YES;
				CLANG_ANALYZER_NUMBER_OBJECT_CONVERSION = YES_AGGRESSIVE;
				CLANG_CXX_LANGUAGE_STANDARD = "gnu++14";
				CLANG_CXX_LIBRARY = "libc++";
				CLANG_ENABLE_MODULES = YES;
				CLANG_ENABLE_OBJC_ARC = YES;
				CLANG_ENABLE_OBJC_WEAK = YES;
				CLANG_WARN_BLOCK_CAPTURE_AUTORELEASING = YES;
				CLANG_WARN_BOOL_CONVERSION = YES;
				CLANG_WARN_COMMA = YES;
				CLANG_WARN_CONSTANT_CONVERSION = YES;
				CLANG_WARN_DEPRECATED_OBJC_IMPLEMENTATIONS = YES;
				CLANG_WARN_DIRECT_OBJC_ISA_USAGE = YES_ERROR;
				CLANG_WARN_DOCUMENTATION_COMMENTS = YES;
				CLANG_WARN_EMPTY_BODY = YES;
				CLANG_WARN_ENUM_CONVERSION = YES;
				CLANG_WARN_INFINITE_RECURSION = YES;
				CLANG_WARN_INT_CONVERSION = YES;
				CLANG_WARN_NON_LITERAL_NULL_CONVERSION = YES;
				CLANG_WARN_OBJC_IMPLICIT_RETAIN_SELF = YES;
				CLANG_WARN_OBJC_LITERAL_CONVERSION = YES;
				CLANG_WARN_OBJC_ROOT_CLASS = YES_ERROR;
				CLANG_WARN_QUOTED_INCLUDE_IN_FRAMEWORK_HEADER = YES;
				CLANG_WARN_RANGE_LOOP_ANALYSIS = YES;
				CLANG_WARN_STRICT_PROTOTYPES = YES;
				CLANG_WARN_SUSPICIOUS_MOVE = YES;
				CLANG_WARN_UNGUARDED_AVAILABILITY = YES_AGGRESSIVE;
				CLANG_WARN_UNREACHABLE_CODE = YES;
				CLANG_WARN__DUPLICATE_METHOD_MATCH = YES;
				COPY_PHASE_STRIP = NO;
				DEBUG_INFORMATION_FORMAT = dwarf;
				ENABLE_STRICT_OBJC_MSGSEND = YES;
				ENABLE_TESTABILITY = YES;
				GCC_C_LANGUAGE_STANDARD = gnu11;
				GCC_DYNAMIC_NO_PIC = NO;
				GCC_NO_COMMON_BLOCKS = YES;
				GCC_OPTIMIZATION_LEVEL = 0;
				GCC_PREPROCESSOR_DEFINITIONS = (
					"DEBUG=1",
					"$(inherited)",
				);
				GCC_WARN_64_TO_32_BIT_CONVERSION = YES;
				GCC_WARN_ABOUT_RETURN_TYPE = YES_ERROR;
				GCC_WARN_UNDECLARED_SELECTOR = YES;
				GCC_WARN_UNINITIALIZED_AUTOS = YES_AGGRESSIVE;
				GCC_WARN_UNUSED_FUNCTION = YES;
				GCC_WARN_UNUSED_VARIABLE = YES;
				IPHONEOS_DEPLOYMENT_TARGET = 14.5;
				MTL_ENABLE_DEBUG_INFO = INCLUDE_SOURCE;
				MTL_FAST_MATH = YES;
				ONLY_ACTIVE_ARCH = YES;
				SDKROOT = iphoneos;
				SWIFT_ACTIVE_COMPILATION_CONDITIONS = DEBUG;
				SWIFT_OPTIMIZATION_LEVEL = "-Onone";
			};
			name = Debug;
		};
		2EEF2AD226B783EA00636452 /* Release */ = {
			isa = XCBuildConfiguration;
			buildSettings = {
				ALWAYS_SEARCH_USER_PATHS = NO;
				CLANG_ANALYZER_NONNULL = YES;
				CLANG_ANALYZER_NUMBER_OBJECT_CONVERSION = YES_AGGRESSIVE;
				CLANG_CXX_LANGUAGE_STANDARD = "gnu++14";
				CLANG_CXX_LIBRARY = "libc++";
				CLANG_ENABLE_MODULES = YES;
				CLANG_ENABLE_OBJC_ARC = YES;
				CLANG_ENABLE_OBJC_WEAK = YES;
				CLANG_WARN_BLOCK_CAPTURE_AUTORELEASING = YES;
				CLANG_WARN_BOOL_CONVERSION = YES;
				CLANG_WARN_COMMA = YES;
				CLANG_WARN_CONSTANT_CONVERSION = YES;
				CLANG_WARN_DEPRECATED_OBJC_IMPLEMENTATIONS = YES;
				CLANG_WARN_DIRECT_OBJC_ISA_USAGE = YES_ERROR;
				CLANG_WARN_DOCUMENTATION_COMMENTS = YES;
				CLANG_WARN_EMPTY_BODY = YES;
				CLANG_WARN_ENUM_CONVERSION = YES;
				CLANG_WARN_INFINITE_RECURSION = YES;
				CLANG_WARN_INT_CONVERSION = YES;
				CLANG_WARN_NON_LITERAL_NULL_CONVERSION = YES;
				CLANG_WARN_OBJC_IMPLICIT_RETAIN_SELF = YES;
				CLANG_WARN_OBJC_LITERAL_CONVERSION = YES;
				CLANG_WARN_OBJC_ROOT_CLASS = YES_ERROR;
				CLANG_WARN_QUOTED_INCLUDE_IN_FRAMEWORK_HEADER = YES;
				CLANG_WARN_RANGE_LOOP_ANALYSIS = YES;
				CLANG_WARN_STRICT_PROTOTYPES = YES;
				CLANG_WARN_SUSPICIOUS_MOVE = YES;
				CLANG_WARN_UNGUARDED_AVAILABILITY = YES_AGGRESSIVE;
				CLANG_WARN_UNREACHABLE_CODE = YES;
				CLANG_WARN__DUPLICATE_METHOD_MATCH = YES;
				COPY_PHASE_STRIP = NO;
				DEBUG_INFORMATION_FORMAT = "dwarf-with-dsym";
				ENABLE_NS_ASSERTIONS = NO;
				ENABLE_STRICT_OBJC_MSGSEND = YES;
				GCC_C_LANGUAGE_STANDARD = gnu11;
				GCC_NO_COMMON_BLOCKS = YES;
				GCC_WARN_64_TO_32_BIT_CONVERSION = YES;
				GCC_WARN_ABOUT_RETURN_TYPE = YES_ERROR;
				GCC_WARN_UNDECLARED_SELECTOR = YES;
				GCC_WARN_UNINITIALIZED_AUTOS = YES_AGGRESSIVE;
				GCC_WARN_UNUSED_FUNCTION = YES;
				GCC_WARN_UNUSED_VARIABLE = YES;
				IPHONEOS_DEPLOYMENT_TARGET = 14.5;
				MTL_ENABLE_DEBUG_INFO = NO;
				MTL_FAST_MATH = YES;
				SDKROOT = iphoneos;
				SWIFT_COMPILATION_MODE = wholemodule;
				SWIFT_OPTIMIZATION_LEVEL = "-O";
				VALIDATE_PRODUCT = YES;
			};
			name = Release;
		};
		2EEF2AD426B783EA00636452 /* Debug */ = {
			isa = XCBuildConfiguration;
			buildSettings = {
				ASSETCATALOG_COMPILER_APPICON_NAME = AppIcon;
				ASSETCATALOG_COMPILER_GLOBAL_ACCENT_COLOR_NAME = AccentColor;
				CODE_SIGN_STYLE = Automatic;
				INFOPLIST_FILE = "Tip Calculator/Info.plist";
				LD_RUNPATH_SEARCH_PATHS = (
					"$(inherited)",
					"@executable_path/Frameworks",
				);
				PRODUCT_BUNDLE_IDENTIFIER = "memo.com.Tip Calculator";
				PRODUCT_NAME = "$(TARGET_NAME)";
				SWIFT_VERSION = 5.0;
				TARGETED_DEVICE_FAMILY = "1,2";
			};
			name = Debug;
		};
		2EEF2AD526B783EA00636452 /* Release */ = {
			isa = XCBuildConfiguration;
			buildSettings = {
				ASSETCATALOG_COMPILER_APPICON_NAME = AppIcon;
				ASSETCATALOG_COMPILER_GLOBAL_ACCENT_COLOR_NAME = AccentColor;
				CODE_SIGN_STYLE = Automatic;
				INFOPLIST_FILE = "Tip Calculator/Info.plist";
				LD_RUNPATH_SEARCH_PATHS = (
					"$(inherited)",
					"@executable_path/Frameworks",
				);
				PRODUCT_BUNDLE_IDENTIFIER = "memo.com.Tip Calculator";
				PRODUCT_NAME = "$(TARGET_NAME)";
				SWIFT_VERSION = 5.0;
				TARGETED_DEVICE_FAMILY = "1,2";
			};
			name = Release;
		};
		2EEF2AD726B783EA00636452 /* Debug */ = {
			isa = XCBuildConfiguration;
			buildSettings = {
				ALWAYS_EMBED_SWIFT_STANDARD_LIBRARIES = YES;
				BUNDLE_LOADER = "$(TEST_HOST)";
				CODE_SIGN_STYLE = Automatic;
				INFOPLIST_FILE = PreworkTests/Info.plist;
				IPHONEOS_DEPLOYMENT_TARGET = 14.5;
				LD_RUNPATH_SEARCH_PATHS = (
					"$(inherited)",
					"@executable_path/Frameworks",
					"@loader_path/Frameworks",
				);
				PRODUCT_BUNDLE_IDENTIFIER = memo.com.PreworkTests;
				PRODUCT_NAME = "$(TARGET_NAME)";
				SWIFT_VERSION = 5.0;
				TARGETED_DEVICE_FAMILY = "1,2";
				TEST_HOST = "$(BUILT_PRODUCTS_DIR)/Tip Calculator.app/Tip Calculator";
			};
			name = Debug;
		};
		2EEF2AD826B783EA00636452 /* Release */ = {
			isa = XCBuildConfiguration;
			buildSettings = {
				ALWAYS_EMBED_SWIFT_STANDARD_LIBRARIES = YES;
				BUNDLE_LOADER = "$(TEST_HOST)";
				CODE_SIGN_STYLE = Automatic;
				INFOPLIST_FILE = PreworkTests/Info.plist;
				IPHONEOS_DEPLOYMENT_TARGET = 14.5;
				LD_RUNPATH_SEARCH_PATHS = (
					"$(inherited)",
					"@executable_path/Frameworks",
					"@loader_path/Frameworks",
				);
				PRODUCT_BUNDLE_IDENTIFIER = memo.com.PreworkTests;
				PRODUCT_NAME = "$(TARGET_NAME)";
				SWIFT_VERSION = 5.0;
				TARGETED_DEVICE_FAMILY = "1,2";
				TEST_HOST = "$(BUILT_PRODUCTS_DIR)/Tip Calculator.app/Tip Calculator";
			};
			name = Release;
		};
		2EEF2ADA26B783EA00636452 /* Debug */ = {
			isa = XCBuildConfiguration;
			buildSettings = {
				ALWAYS_EMBED_SWIFT_STANDARD_LIBRARIES = YES;
				CODE_SIGN_STYLE = Automatic;
				INFOPLIST_FILE = PreworkUITests/Info.plist;
				LD_RUNPATH_SEARCH_PATHS = (
					"$(inherited)",
					"@executable_path/Frameworks",
					"@loader_path/Frameworks",
				);
				PRODUCT_BUNDLE_IDENTIFIER = memo.com.PreworkUITests;
				PRODUCT_NAME = "$(TARGET_NAME)";
				SWIFT_VERSION = 5.0;
				TARGETED_DEVICE_FAMILY = "1,2";
				TEST_TARGET_NAME = Prework;
			};
			name = Debug;
		};
		2EEF2ADB26B783EA00636452 /* Release */ = {
			isa = XCBuildConfiguration;
			buildSettings = {
				ALWAYS_EMBED_SWIFT_STANDARD_LIBRARIES = YES;
				CODE_SIGN_STYLE = Automatic;
				INFOPLIST_FILE = PreworkUITests/Info.plist;
				LD_RUNPATH_SEARCH_PATHS = (
					"$(inherited)",
					"@executable_path/Frameworks",
					"@loader_path/Frameworks",
				);
				PRODUCT_BUNDLE_IDENTIFIER = memo.com.PreworkUITests;
				PRODUCT_NAME = "$(TARGET_NAME)";
				SWIFT_VERSION = 5.0;
				TARGETED_DEVICE_FAMILY = "1,2";
				TEST_TARGET_NAME = Prework;
			};
			name = Release;
		};
/* End XCBuildConfiguration section */

/* Begin XCConfigurationList section */
		2EEF2AA426B783E700636452 /* Build configuration list for PBXProject "Tip Calculator" */ = {
			isa = XCConfigurationList;
			buildConfigurations = (
				2EEF2AD126B783EA00636452 /* Debug */,
				2EEF2AD226B783EA00636452 /* Release */,
			);
			defaultConfigurationIsVisible = 0;
			defaultConfigurationName = Release;
		};
		2EEF2AD326B783EA00636452 /* Build configuration list for PBXNativeTarget "Tip Calculator" */ = {
			isa = XCConfigurationList;
			buildConfigurations = (
				2EEF2AD426B783EA00636452 /* Debug */,
				2EEF2AD526B783EA00636452 /* Release */,
			);
			defaultConfigurationIsVisible = 0;
			defaultConfigurationName = Release;
		};
		2EEF2AD626B783EA00636452 /* Build configuration list for PBXNativeTarget "Tip CalculatorTests" */ = {
			isa = XCConfigurationList;
			buildConfigurations = (
				2EEF2AD726B783EA00636452 /* Debug */,
				2EEF2AD826B783EA00636452 /* Release */,
			);
			defaultConfigurationIsVisible = 0;
			defaultConfigurationName = Release;
		};
		2EEF2AD926B783EA00636452 /* Build configuration list for PBXNativeTarget "Tip CalculatorUITests" */ = {
			isa = XCConfigurationList;
			buildConfigurations = (
				2EEF2ADA26B783EA00636452 /* Debug */,
				2EEF2ADB26B783EA00636452 /* Release */,
			);
			defaultConfigurationIsVisible = 0;
			defaultConfigurationName = Release;
		};
/* End XCConfigurationList section */
	};
	rootObject = 2EEF2AA126B783E700636452 /* Project object */;
}
